{
  "version": "v1",
  "packages": {
    "hpe-design-tokens": {
      "signature": "c1740e0c62953dc08e8ef836719b5c3c",
      "file": true,
      "replaced": "https://github.com/grommet/hpe-design-tokens/tarball/stable"
    },
    "grommet-exp-theme": {
      "signature": "1f16ee9e75671bf620b7a7a4fb564d7f",
      "file": true,
      "replaced": "https://github.com/grommet/grommet-exp-theme/tarball/stable"
    }
  }
}