{
  "version": "v1",
  "packages": {
    "hpe-design-tokens": {
      "signature": "a4ae057119ed082d9a10b75fa9f901ed",
      "file": true,
      "replaced": "https://github.com/grommet/hpe-design-tokens/tarball/stable"
    },
    "grommet-exp-theme": {
      "signature": "d6458db14d86ef823626e34f0b877ec7",
      "file": true,
      "replaced": "https://github.com/grommet/grommet-exp-theme/tarball/stable"
    }
  }
}